
Microsoft Visual Studio Solution File, Format Version 12.00
# Visual Studio Version 16
VisualStudioVersion = 16.0.31005.135
MinimumVisualStudioVersion = 10.0.40219.1
Project("{FAE04EC0-301F-11D3-BF4B-00C04F79EFBC}") = "Code_CH", "Code_CH\Code_CH.csproj", "{8D0B8510-032C-423A-B05B-44CE64D12A86}"
EndProject
Project("{FAE04EC0-301F-11D3-BF4B-00C04F79EFBC}") = "Common", "Common\Common.csproj", "{903C502E-AF86-4080-916E-F3480E5D64BD}"
EndProject
Global
	GlobalSection(SolutionConfigurationPlatforms) = preSolution
		Debug|Any CPU = Debug|Any CPU
		Debug|ARM = Debug|ARM
		Debug|ARM64 = Debug|ARM64
		Debug|x64 = Debug|x64
		Debug|x86 = Debug|x86
		Release|Any CPU = Release|Any CPU
		Release|ARM = Release|ARM
		Release|ARM64 = Release|ARM64
		Release|x64 = Release|x64
		Release|x86 = Release|x86
	EndGlobalSection
	GlobalSection(ProjectConfigurationPlatforms) = postSolution
		{8D0B8510-032C-423A-B05B-44CE64D12A86}.Debug|Any CPU.ActiveCfg = Debug|Any CPU
		{8D0B8510-032C-423A-B05B-44CE64D12A86}.Debug|Any CPU.Build.0 = Debug|Any CPU
		{8D0B8510-032C-423A-B05B-44CE64D12A86}.Debug|ARM.ActiveCfg = Debug|Any CPU
		{8D0B8510-032C-423A-B05B-44CE64D12A86}.Debug|ARM.Build.0 = Debug|Any CPU
		{8D0B8510-032C-423A-B05B-44CE64D12A86}.Debug|ARM64.ActiveCfg = Debug|Any CPU
		{8D0B8510-032C-423A-B05B-44CE64D12A86}.Debug|ARM64.Build.0 = Debug|Any CPU
		{8D0B8510-032C-423A-B05B-44CE64D12A86}.Debug|x64.ActiveCfg = Debug|Any CPU
		{8D0B8510-032C-423A-B05B-44CE64D12A86}.Debug|x64.Build.0 = Debug|Any CPU
		{8D0B8510-032C-423A-B05B-44CE64D12A86}.Debug|x86.ActiveCfg = Debug|Any CPU
		{8D0B8510-032C-423A-B05B-44CE64D12A86}.Debug|x86.Build.0 = Debug|Any CPU
		{8D0B8510-032C-423A-B05B-44CE64D12A86}.Release|Any CPU.ActiveCfg = Release|Any CPU
		{8D0B8510-032C-423A-B05B-44CE64D12A86}.Release|Any CPU.Build.0 = Release|Any CPU
		{8D0B8510-032C-423A-B05B-44CE64D12A86}.Release|ARM.ActiveCfg = Release|Any CPU
		{8D0B8510-032C-423A-B05B-44CE64D12A86}.Release|ARM.Build.0 = Release|Any CPU
		{8D0B8510-032C-423A-B05B-44CE64D12A86}.Release|ARM64.ActiveCfg = Release|Any CPU
		{8D0B8510-032C-423A-B05B-44CE64D12A86}.Release|ARM64.Build.0 = Release|Any CPU
		{8D0B8510-032C-423A-B05B-44CE64D12A86}.Release|x64.ActiveCfg = Release|Any CPU
		{8D0B8510-032C-423A-B05B-44CE64D12A86}.Release|x64.Build.0 = Release|Any CPU
		{8D0B8510-032C-423A-B05B-44CE64D12A86}.Release|x86.ActiveCfg = Release|Any CPU
		{8D0B8510-032C-423A-B05B-44CE64D12A86}.Release|x86.Build.0 = Release|Any CPU
		{903C502E-AF86-4080-916E-F3480E5D64BD}.Debug|Any CPU.ActiveCfg = Debug|Any CPU
		{903C502E-AF86-4080-916E-F3480E5D64BD}.Debug|Any CPU.Build.0 = Debug|Any CPU
		{903C502E-AF86-4080-916E-F3480E5D64BD}.Debug|ARM.ActiveCfg = Debug|Any CPU
		{903C502E-AF86-4080-916E-F3480E5D64BD}.Debug|ARM.Build.0 = Debug|Any CPU
		{903C502E-AF86-4080-916E-F3480E5D64BD}.Debug|ARM64.ActiveCfg = Debug|Any CPU
		{903C502E-AF86-4080-916E-F3480E5D64BD}.Debug|ARM64.Build.0 = Debug|Any CPU
		{903C502E-AF86-4080-916E-F3480E5D64BD}.Debug|x64.ActiveCfg = Debug|Any CPU
		{903C502E-AF86-4080-916E-F3480E5D64BD}.Debug|x64.Build.0 = Debug|Any CPU
		{903C502E-AF86-4080-916E-F3480E5D64BD}.Debug|x86.ActiveCfg = Debug|Any CPU
		{903C502E-AF86-4080-916E-F3480E5D64BD}.Debug|x86.Build.0 = Debug|Any CPU
		{903C502E-AF86-4080-916E-F3480E5D64BD}.Release|Any CPU.ActiveCfg = Release|Any CPU
		{903C502E-AF86-4080-916E-F3480E5D64BD}.Release|Any CPU.Build.0 = Release|Any CPU
		{903C502E-AF86-4080-916E-F3480E5D64BD}.Release|ARM.ActiveCfg = Release|Any CPU
		{903C502E-AF86-4080-916E-F3480E5D64BD}.Release|ARM.Build.0 = Release|Any CPU
		{903C502E-AF86-4080-916E-F3480E5D64BD}.Release|ARM64.ActiveCfg = Release|Any CPU
		{903C502E-AF86-4080-916E-F3480E5D64BD}.Release|ARM64.Build.0 = Release|Any CPU
		{903C502E-AF86-4080-916E-F3480E5D64BD}.Release|x64.ActiveCfg = Release|Any CPU
		{903C502E-AF86-4080-916E-F3480E5D64BD}.Release|x64.Build.0 = Release|Any CPU
		{903C502E-AF86-4080-916E-F3480E5D64BD}.Release|x86.ActiveCfg = Release|Any CPU
		{903C502E-AF86-4080-916E-F3480E5D64BD}.Release|x86.Build.0 = Release|Any CPU
	EndGlobalSection
	GlobalSection(SolutionProperties) = preSolution
		HideSolutionNode = FALSE
	EndGlobalSection
	GlobalSection(ExtensibilityGlobals) = postSolution
		SolutionGuid = {C1375087-F49A-4AC0-8F8A-14069FE275BB}
	EndGlobalSection
EndGlobal
